
Microsoft Visual Studio Solution File, Format Version 12.00
# Visual Studio Version 17
VisualStudioVersion = 17.4.33213.308
MinimumVisualStudioVersion = 10.0.40219.1
Project("{FAE04EC0-301F-11D3-BF4B-00C04F79EFBC}") = "ConsoleApp6", "ConsoleApp6\ConsoleApp6.csproj", "{A8A35540-746A-4BAE-962C-7A0E7E2A5376}"
EndProject
Global
	GlobalSection(SolutionConfigurationPlatforms) = preSolution
		Debug|Any CPU = Debug|Any CPU
		Release|Any CPU = Release|Any CPU
	EndGlobalSection
	GlobalSection(ProjectConfigurationPlatforms) = postSolution
		{A8A35540-746A-4BAE-962C-7A0E7E2A5376}.Debug|Any CPU.ActiveCfg = Debug|Any CPU
		{A8A35540-746A-4BAE-962C-7A0E7E2A5376}.Debug|Any CPU.Build.0 = Debug|Any CPU
		{A8A35540-746A-4BAE-962C-7A0E7E2A5376}.Release|Any CPU.ActiveCfg = Release|Any CPU
		{A8A35540-746A-4BAE-962C-7A0E7E2A5376}.Release|Any CPU.Build.0 = Release|Any CPU
	EndGlobalSection
	GlobalSection(SolutionProperties) = preSolution
		HideSolutionNode = FALSE
	EndGlobalSection
	GlobalSection(ExtensibilityGlobals) = postSolution
		SolutionGuid = {7EEB7FCB-909E-480F-82EE-3CEB12F960C7}
	EndGlobalSection
EndGlobal
