
Microsoft Visual Studio Solution File, Format Version 12.00
# Visual Studio Version 17
VisualStudioVersion = 17.4.33213.308
MinimumVisualStudioVersion = 10.0.40219.1
Project("{FAE04EC0-301F-11D3-BF4B-00C04F79EFBC}") = "ConsoleApp1", "ConsoleApp1\ConsoleApp1.csproj", "{0BCEA9E4-3227-40C5-AE43-3B4E7623625D}"
EndProject
Global
	GlobalSection(SolutionConfigurationPlatforms) = preSolution
		Debug|Any CPU = Debug|Any CPU
		Release|Any CPU = Release|Any CPU
	EndGlobalSection
	GlobalSection(ProjectConfigurationPlatforms) = postSolution
		{0BCEA9E4-3227-40C5-AE43-3B4E7623625D}.Debug|Any CPU.ActiveCfg = Debug|Any CPU
		{0BCEA9E4-3227-40C5-AE43-3B4E7623625D}.Debug|Any CPU.Build.0 = Debug|Any CPU
		{0BCEA9E4-3227-40C5-AE43-3B4E7623625D}.Release|Any CPU.ActiveCfg = Release|Any CPU
		{0BCEA9E4-3227-40C5-AE43-3B4E7623625D}.Release|Any CPU.Build.0 = Release|Any CPU
	EndGlobalSection
	GlobalSection(SolutionProperties) = preSolution
		HideSolutionNode = FALSE
	EndGlobalSection
	GlobalSection(ExtensibilityGlobals) = postSolution
		SolutionGuid = {28992FFF-2C61-4B13-9F35-21DCCAB1662C}
	EndGlobalSection
EndGlobal
