
Microsoft Visual Studio Solution File, Format Version 12.00
# Visual Studio Version 17
VisualStudioVersion = 17.4.33213.308
MinimumVisualStudioVersion = 10.0.40219.1
Project("{FAE04EC0-301F-11D3-BF4B-00C04F79EFBC}") = "ConsoleApp4", "ConsoleApp4\ConsoleApp4.csproj", "{61987C08-7DCF-4465-B0B8-D7B068B8D6A8}"
EndProject
Global
	GlobalSection(SolutionConfigurationPlatforms) = preSolution
		Debug|Any CPU = Debug|Any CPU
		Release|Any CPU = Release|Any CPU
	EndGlobalSection
	GlobalSection(ProjectConfigurationPlatforms) = postSolution
		{61987C08-7DCF-4465-B0B8-D7B068B8D6A8}.Debug|Any CPU.ActiveCfg = Debug|Any CPU
		{61987C08-7DCF-4465-B0B8-D7B068B8D6A8}.Debug|Any CPU.Build.0 = Debug|Any CPU
		{61987C08-7DCF-4465-B0B8-D7B068B8D6A8}.Release|Any CPU.ActiveCfg = Release|Any CPU
		{61987C08-7DCF-4465-B0B8-D7B068B8D6A8}.Release|Any CPU.Build.0 = Release|Any CPU
	EndGlobalSection
	GlobalSection(SolutionProperties) = preSolution
		HideSolutionNode = FALSE
	EndGlobalSection
	GlobalSection(ExtensibilityGlobals) = postSolution
		SolutionGuid = {03FD887C-4E45-4B88-90C1-34AAEF298D01}
	EndGlobalSection
EndGlobal
