
Microsoft Visual Studio Solution File, Format Version 12.00
# Visual Studio Version 17
VisualStudioVersion = 17.4.33213.308
MinimumVisualStudioVersion = 10.0.40219.1
Project("{FAE04EC0-301F-11D3-BF4B-00C04F79EFBC}") = "Завдання №4", "Завдання №4\Завдання №4.csproj", "{9491B71D-7507-4D86-BFDC-83BA0DDB15C6}"
EndProject
Global
	GlobalSection(SolutionConfigurationPlatforms) = preSolution
		Debug|Any CPU = Debug|Any CPU
		Release|Any CPU = Release|Any CPU
	EndGlobalSection
	GlobalSection(ProjectConfigurationPlatforms) = postSolution
		{9491B71D-7507-4D86-BFDC-83BA0DDB15C6}.Debug|Any CPU.ActiveCfg = Debug|Any CPU
		{9491B71D-7507-4D86-BFDC-83BA0DDB15C6}.Debug|Any CPU.Build.0 = Debug|Any CPU
		{9491B71D-7507-4D86-BFDC-83BA0DDB15C6}.Release|Any CPU.ActiveCfg = Release|Any CPU
		{9491B71D-7507-4D86-BFDC-83BA0DDB15C6}.Release|Any CPU.Build.0 = Release|Any CPU
	EndGlobalSection
	GlobalSection(SolutionProperties) = preSolution
		HideSolutionNode = FALSE
	EndGlobalSection
	GlobalSection(ExtensibilityGlobals) = postSolution
		SolutionGuid = {65B5FCE4-CDED-4679-A408-D06D8F8E63C9}
	EndGlobalSection
EndGlobal
